// !$*UTF8*$!
{
	archiveVersion = 1;
	classes = {
	};
	objectVersion = 50;
	objects = {

/* Begin PBXBuildFile section */
		9E0929BD2581CFCB005004A0 /* AppDelegate.swift in Sources */ = {isa = PBXBuildFile; fileRef = 9E0929BC2581CFCB005004A0 /* AppDelegate.swift */; };
		9E0929BF2581CFCB005004A0 /* SceneDelegate.swift in Sources */ = {isa = PBXBuildFile; fileRef = 9E0929BE2581CFCB005004A0 /* SceneDelegate.swift */; };
		9E0929C42581CFCB005004A0 /* Main.storyboard in Resources */ = {isa = PBXBuildFile; fileRef = 9E0929C22581CFCB005004A0 /* Main.storyboard */; };
		9E0929C92581CFCE005004A0 /* Assets.xcassets in Resources */ = {isa = PBXBuildFile; fileRef = 9E0929C82581CFCE005004A0 /* Assets.xcassets */; };
		9E0929CC2581CFCE005004A0 /* LaunchScreen.storyboard in Resources */ = {isa = PBXBuildFile; fileRef = 9E0929CA2581CFCE005004A0 /* LaunchScreen.storyboard */; };
		9E0929D92581D39E005004A0 /* TickerListView.swift in Sources */ = {isa = PBXBuildFile; fileRef = 9E0929D82581D39E005004A0 /* TickerListView.swift */; };
		9E0929DD2581D6C5005004A0 /* TickerCell.swift in Sources */ = {isa = PBXBuildFile; fileRef = 9E0929DC2581D6C5005004A0 /* TickerCell.swift */; };
		9E210D052585ACE300040B6D /* FetchFinancialData.swift in Sources */ = {isa = PBXBuildFile; fileRef = 9E210D042585ACE300040B6D /* FetchFinancialData.swift */; };
		9E37AF5D2582D76200FB9AEB /* TickerCoreData.xcdatamodeld in Sources */ = {isa = PBXBuildFile; fileRef = 9E37AF5B2582D76200FB9AEB /* TickerCoreData.xcdatamodeld */; };
		9E37AF6B2583156E00FB9AEB /* TickerStore.swift in Sources */ = {isa = PBXBuildFile; fileRef = 9E37AF6A2583156E00FB9AEB /* TickerStore.swift */; };
		9E37AF7625834D1800FB9AEB /* RoundedBorder.png in Resources */ = {isa = PBXBuildFile; fileRef = 9E37AF7525834D1800FB9AEB /* RoundedBorder.png */; };
		9E37AF7B2584958800FB9AEB /* NewsView.swift in Sources */ = {isa = PBXBuildFile; fileRef = 9E37AF7A2584958800FB9AEB /* NewsView.swift */; };
		9E37AF7E25849CD700FB9AEB /* TickerDetailView.swift in Sources */ = {isa = PBXBuildFile; fileRef = 9E37AF7D25849CD700FB9AEB /* TickerDetailView.swift */; };
		9EF3BDFC2581DA830074A217 /* TickerManager.swift in Sources */ = {isa = PBXBuildFile; fileRef = 9EF3BDFB2581DA830074A217 /* TickerManager.swift */; };
		9EF3BE092581E3720074A217 /* TickerLocal.swift in Sources */ = {isa = PBXBuildFile; fileRef = 9EF3BE082581E3720074A217 /* TickerLocal.swift */; };
/* End PBXBuildFile section */

/* Begin PBXFileReference section */
		9E0929B92581CFCB005004A0 /* StockTrack.app */ = {isa = PBXFileReference; explicitFileType = wrapper.application; includeInIndex = 0; path = StockTrack.app; sourceTree = BUILT_PRODUCTS_DIR; };
		9E0929BC2581CFCB005004A0 /* AppDelegate.swift */ = {isa = PBXFileReference; lastKnownFileType = sourcecode.swift; path = AppDelegate.swift; sourceTree = "<group>"; };
		9E0929BE2581CFCB005004A0 /* SceneDelegate.swift */ = {isa = PBXFileReference; lastKnownFileType = sourcecode.swift; path = SceneDelegate.swift; sourceTree = "<group>"; };
		9E0929C32581CFCB005004A0 /* Base */ = {isa = PBXFileReference; lastKnownFileType = file.storyboard; name = Base; path = Base.lproj/Main.storyboard; sourceTree = "<group>"; };
		9E0929C82581CFCE005004A0 /* Assets.xcassets */ = {isa = PBXFileReference; lastKnownFileType = folder.assetcatalog; path = Assets.xcassets; sourceTree = "<group>"; };
		9E0929CB2581CFCE005004A0 /* Base */ = {isa = PBXFileReference; lastKnownFileType = file.storyboard; name = Base; path = Base.lproj/LaunchScreen.storyboard; sourceTree = "<group>"; };
		9E0929CD2581CFCE005004A0 /* Info.plist */ = {isa = PBXFileReference; lastKnownFileType = text.plist.xml; path = Info.plist; sourceTree = "<group>"; };
		9E0929D82581D39E005004A0 /* TickerListView.swift */ = {isa = PBXFileReference; lastKnownFileType = sourcecode.swift; path = TickerListView.swift; sourceTree = "<group>"; };
		9E0929DC2581D6C5005004A0 /* TickerCell.swift */ = {isa = PBXFileReference; lastKnownFileType = sourcecode.swift; path = TickerCell.swift; sourceTree = "<group>"; };
		9E210D042585ACE300040B6D /* FetchFinancialData.swift */ = {isa = PBXFileReference; lastKnownFileType = sourcecode.swift; path = FetchFinancialData.swift; sourceTree = "<group>"; };
		9E37AF5C2582D76200FB9AEB /* TickerCoreData.xcdatamodel */ = {isa = PBXFileReference; lastKnownFileType = wrapper.xcdatamodel; path = TickerCoreData.xcdatamodel; sourceTree = "<group>"; };
		9E37AF6A2583156E00FB9AEB /* TickerStore.swift */ = {isa = PBXFileReference; lastKnownFileType = sourcecode.swift; path = TickerStore.swift; sourceTree = "<group>"; };
		9E37AF7525834D1800FB9AEB /* RoundedBorder.png */ = {isa = PBXFileReference; lastKnownFileType = image.png; path = RoundedBorder.png; sourceTree = "<group>"; };
		9E37AF7A2584958800FB9AEB /* NewsView.swift */ = {isa = PBXFileReference; lastKnownFileType = sourcecode.swift; path = NewsView.swift; sourceTree = "<group>"; };
		9E37AF7D25849CD700FB9AEB /* TickerDetailView.swift */ = {isa = PBXFileReference; lastKnownFileType = sourcecode.swift; path = TickerDetailView.swift; sourceTree = "<group>"; };
		9EF3BDFB2581DA830074A217 /* TickerManager.swift */ = {isa = PBXFileReference; lastKnownFileType = sourcecode.swift; path = TickerManager.swift; sourceTree = "<group>"; };
		9EF3BE082581E3720074A217 /* TickerLocal.swift */ = {isa = PBXFileReference; lastKnownFileType = sourcecode.swift; path = TickerLocal.swift; sourceTree = "<group>"; };
/* End PBXFileReference section */

/* Begin PBXFrameworksBuildPhase section */
		9E0929B62581CFCB005004A0 /* Frameworks */ = {
			isa = PBXFrameworksBuildPhase;
			buildActionMask = 2147483647;
			files = (
			);
			runOnlyForDeploymentPostprocessing = 0;
		};
/* End PBXFrameworksBuildPhase section */

/* Begin PBXGroup section */
		9E0929B02581CFCB005004A0 = {
			isa = PBXGroup;
			children = (
				9E210D032585ACAD00040B6D /* API */,
				9E37AF6F258338E900FB9AEB /* CoreData */,
				9E0929DF2581D79F005004A0 /* Images */,
				9E0929BB2581CFCB005004A0 /* StockTrack */,
				9E0929BA2581CFCB005004A0 /* Products */,
			);
			sourceTree = "<group>";
		};
		9E0929BA2581CFCB005004A0 /* Products */ = {
			isa = PBXGroup;
			children = (
				9E0929B92581CFCB005004A0 /* StockTrack.app */,
			);
			name = Products;
			sourceTree = "<group>";
		};
		9E0929BB2581CFCB005004A0 /* StockTrack */ = {
			isa = PBXGroup;
			children = (
				9E0929DC2581D6C5005004A0 /* TickerCell.swift */,
				9E0929BC2581CFCB005004A0 /* AppDelegate.swift */,
				9E0929BE2581CFCB005004A0 /* SceneDelegate.swift */,
				9E0929D82581D39E005004A0 /* TickerListView.swift */,
				9E0929C22581CFCB005004A0 /* Main.storyboard */,
				9E0929C82581CFCE005004A0 /* Assets.xcassets */,
				9E0929CA2581CFCE005004A0 /* LaunchScreen.storyboard */,
				9E0929CD2581CFCE005004A0 /* Info.plist */,
				9E37AF7A2584958800FB9AEB /* NewsView.swift */,
				9E37AF7D25849CD700FB9AEB /* TickerDetailView.swift */,
			);
			path = StockTrack;
			sourceTree = "<group>";
		};
		9E0929DF2581D79F005004A0 /* Images */ = {
			isa = PBXGroup;
			children = (
				9E37AF7525834D1800FB9AEB /* RoundedBorder.png */,
			);
			path = Images;
			sourceTree = "<group>";
		};
		9E210D032585ACAD00040B6D /* API */ = {
			isa = PBXGroup;
			children = (
				9E210D042585ACE300040B6D /* FetchFinancialData.swift */,
			);
			path = API;
			sourceTree = "<group>";
		};
		9E37AF6F258338E900FB9AEB /* CoreData */ = {
			isa = PBXGroup;
			children = (
				9E37AF6A2583156E00FB9AEB /* TickerStore.swift */,
				9EF3BDFB2581DA830074A217 /* TickerManager.swift */,
				9EF3BE082581E3720074A217 /* TickerLocal.swift */,
				9E37AF5B2582D76200FB9AEB /* TickerCoreData.xcdatamodeld */,
			);
			path = CoreData;
			sourceTree = "<group>";
		};
/* End PBXGroup section */

/* Begin PBXNativeTarget section */
		9E0929B82581CFCB005004A0 /* StockTrack */ = {
			isa = PBXNativeTarget;
			buildConfigurationList = 9E0929D02581CFCE005004A0 /* Build configuration list for PBXNativeTarget "StockTrack" */;
			buildPhases = (
				9E0929B52581CFCB005004A0 /* Sources */,
				9E0929B62581CFCB005004A0 /* Frameworks */,
				9E0929B72581CFCB005004A0 /* Resources */,
			);
			buildRules = (
			);
			dependencies = (
			);
			name = StockTrack;
			productName = StockTrack;
			productReference = 9E0929B92581CFCB005004A0 /* StockTrack.app */;
			productType = "com.apple.product-type.application";
		};
/* End PBXNativeTarget section */

/* Begin PBXProject section */
		9E0929B12581CFCB005004A0 /* Project object */ = {
			isa = PBXProject;
			attributes = {
				LastSwiftUpdateCheck = 1220;
				LastUpgradeCheck = 1220;
				TargetAttributes = {
					9E0929B82581CFCB005004A0 = {
						CreatedOnToolsVersion = 12.2;
					};
				};
			};
			buildConfigurationList = 9E0929B42581CFCB005004A0 /* Build configuration list for PBXProject "StockTrack" */;
			compatibilityVersion = "Xcode 9.3";
			developmentRegion = en;
			hasScannedForEncodings = 0;
			knownRegions = (
				en,
				Base,
			);
			mainGroup = 9E0929B02581CFCB005004A0;
			productRefGroup = 9E0929BA2581CFCB005004A0 /* Products */;
			projectDirPath = "";
			projectRoot = "";
			targets = (
				9E0929B82581CFCB005004A0 /* StockTrack */,
			);
		};
/* End PBXProject section */

/* Begin PBXResourcesBuildPhase section */
		9E0929B72581CFCB005004A0 /* Resources */ = {
			isa = PBXResourcesBuildPhase;
			buildActionMask = 2147483647;
			files = (
				9E0929CC2581CFCE005004A0 /* LaunchScreen.storyboard in Resources */,
				9E0929C92581CFCE005004A0 /* Assets.xcassets in Resources */,
				9E0929C42581CFCB005004A0 /* Main.storyboard in Resources */,
				9E37AF7625834D1800FB9AEB /* RoundedBorder.png in Resources */,
			);
			runOnlyForDeploymentPostprocessing = 0;
		};
/* End PBXResourcesBuildPhase section */

/* Begin PBXSourcesBuildPhase section */
		9E0929B52581CFCB005004A0 /* Sources */ = {
			isa = PBXSourcesBuildPhase;
			buildActionMask = 2147483647;
			files = (
				9E0929D92581D39E005004A0 /* TickerListView.swift in Sources */,
				9EF3BE092581E3720074A217 /* TickerLocal.swift in Sources */,
				9E37AF5D2582D76200FB9AEB /* TickerCoreData.xcdatamodeld in Sources */,
				9E210D052585ACE300040B6D /* FetchFinancialData.swift in Sources */,
				9E37AF7B2584958800FB9AEB /* NewsView.swift in Sources */,
				9E37AF6B2583156E00FB9AEB /* TickerStore.swift in Sources */,
				9E0929BD2581CFCB005004A0 /* AppDelegate.swift in Sources */,
				9E0929BF2581CFCB005004A0 /* SceneDelegate.swift in Sources */,
				9E37AF7E25849CD700FB9AEB /* TickerDetailView.swift in Sources */,
				9EF3BDFC2581DA830074A217 /* TickerManager.swift in Sources */,
				9E0929DD2581D6C5005004A0 /* TickerCell.swift in Sources */,
			);
			runOnlyForDeploymentPostprocessing = 0;
		};
/* End PBXSourcesBuildPhase section */

/* Begin PBXVariantGroup section */
		9E0929C22581CFCB005004A0 /* Main.storyboard */ = {
			isa = PBXVariantGroup;
			children = (
				9E0929C32581CFCB005004A0 /* Base */,
			);
			name = Main.storyboard;
			sourceTree = "<group>";
		};
		9E0929CA2581CFCE005004A0 /* LaunchScreen.storyboard */ = {
			isa = PBXVariantGroup;
			children = (
				9E0929CB2581CFCE005004A0 /* Base */,
			);
			name = LaunchScreen.storyboard;
			sourceTree = "<group>";
		};
/* End PBXVariantGroup section */

/* Begin XCBuildConfiguration section */
		9E0929CE2581CFCE005004A0 /* Debug */ = {
			isa = XCBuildConfiguration;
			buildSettings = {
				ALWAYS_SEARCH_USER_PATHS = NO;
				CLANG_ANALYZER_NONNULL = YES;
				CLANG_ANALYZER_NUMBER_OBJECT_CONVERSION = YES_AGGRESSIVE;
				CLANG_CXX_LANGUAGE_STANDARD = "gnu++14";
				CLANG_CXX_LIBRARY = "libc++";
				CLANG_ENABLE_MODULES = YES;
				CLANG_ENABLE_OBJC_ARC = YES;
				CLANG_ENABLE_OBJC_WEAK = YES;
				CLANG_WARN_BLOCK_CAPTURE_AUTORELEASING = YES;
				CLANG_WARN_BOOL_CONVERSION = YES;
				CLANG_WARN_COMMA = YES;
				CLANG_WARN_CONSTANT_CONVERSION = YES;
				CLANG_WARN_DEPRECATED_OBJC_IMPLEMENTATIONS = YES;
				CLANG_WARN_DIRECT_OBJC_ISA_USAGE = YES_ERROR;
				CLANG_WARN_DOCUMENTATION_COMMENTS = YES;
				CLANG_WARN_EMPTY_BODY = YES;
				CLANG_WARN_ENUM_CONVERSION = YES;
				CLANG_WARN_INFINITE_RECURSION = YES;
				CLANG_WARN_INT_CONVERSION = YES;
				CLANG_WARN_NON_LITERAL_NULL_CONVERSION = YES;
				CLANG_WARN_OBJC_IMPLICIT_RETAIN_SELF = YES;
				CLANG_WARN_OBJC_LITERAL_CONVERSION = YES;
				CLANG_WARN_OBJC_ROOT_CLASS = YES_ERROR;
				CLANG_WARN_QUOTED_INCLUDE_IN_FRAMEWORK_HEADER = YES;
				CLANG_WARN_RANGE_LOOP_ANALYSIS = YES;
				CLANG_WARN_STRICT_PROTOTYPES = YES;
				CLANG_WARN_SUSPICIOUS_MOVE = YES;
				CLANG_WARN_UNGUARDED_AVAILABILITY = YES_AGGRESSIVE;
				CLANG_WARN_UNREACHABLE_CODE = YES;
				CLANG_WARN__DUPLICATE_METHOD_MATCH = YES;
				COPY_PHASE_STRIP = NO;
				DEBUG_INFORMATION_FORMAT = dwarf;
				ENABLE_STRICT_OBJC_MSGSEND = YES;
				ENABLE_TESTABILITY = YES;
				GCC_C_LANGUAGE_STANDARD = gnu11;
				GCC_DYNAMIC_NO_PIC = NO;
				GCC_NO_COMMON_BLOCKS = YES;
				GCC_OPTIMIZATION_LEVEL = 0;
				GCC_PREPROCESSOR_DEFINITIONS = (
					"DEBUG=1",
					"$(inherited)",
				);
				GCC_WARN_64_TO_32_BIT_CONVERSION = YES;
				GCC_WARN_ABOUT_RETURN_TYPE = YES_ERROR;
				GCC_WARN_UNDECLARED_SELECTOR = YES;
				GCC_WARN_UNINITIALIZED_AUTOS = YES_AGGRESSIVE;
				GCC_WARN_UNUSED_FUNCTION = YES;
				GCC_WARN_UNUSED_VARIABLE = YES;
				IPHONEOS_DEPLOYMENT_TARGET = 14.2;
				MTL_ENABLE_DEBUG_INFO = INCLUDE_SOURCE;
				MTL_FAST_MATH = YES;
				ONLY_ACTIVE_ARCH = YES;
				SDKROOT = iphoneos;
				SWIFT_ACTIVE_COMPILATION_CONDITIONS = DEBUG;
				SWIFT_OPTIMIZATION_LEVEL = "-Onone";
			};
			name = Debug;
		};
		9E0929CF2581CFCE005004A0 /* Release */ = {
			isa = XCBuildConfiguration;
			buildSettings = {
				ALWAYS_SEARCH_USER_PATHS = NO;
				CLANG_ANALYZER_NONNULL = YES;
				CLANG_ANALYZER_NUMBER_OBJECT_CONVERSION = YES_AGGRESSIVE;
				CLANG_CXX_LANGUAGE_STANDARD = "gnu++14";
				CLANG_CXX_LIBRARY = "libc++";
				CLANG_ENABLE_MODULES = YES;
				CLANG_ENABLE_OBJC_ARC = YES;
				CLANG_ENABLE_OBJC_WEAK = YES;
				CLANG_WARN_BLOCK_CAPTURE_AUTORELEASING = YES;
				CLANG_WARN_BOOL_CONVERSION = YES;
				CLANG_WARN_COMMA = YES;
				CLANG_WARN_CONSTANT_CONVERSION = YES;
				CLANG_WARN_DEPRECATED_OBJC_IMPLEMENTATIONS = YES;
				CLANG_WARN_DIRECT_OBJC_ISA_USAGE = YES_ERROR;
				CLANG_WARN_DOCUMENTATION_COMMENTS = YES;
				CLANG_WARN_EMPTY_BODY = YES;
				CLANG_WARN_ENUM_CONVERSION = YES;
				CLANG_WARN_INFINITE_RECURSION = YES;
				CLANG_WARN_INT_CONVERSION = YES;
				CLANG_WARN_NON_LITERAL_NULL_CONVERSION = YES;
				CLANG_WARN_OBJC_IMPLICIT_RETAIN_SELF = YES;
				CLANG_WARN_OBJC_LITERAL_CONVERSION = YES;
				CLANG_WARN_OBJC_ROOT_CLASS = YES_ERROR;
				CLANG_WARN_QUOTED_INCLUDE_IN_FRAMEWORK_HEADER = YES;
				CLANG_WARN_RANGE_LOOP_ANALYSIS = YES;
				CLANG_WARN_STRICT_PROTOTYPES = YES;
				CLANG_WARN_SUSPICIOUS_MOVE = YES;
				CLANG_WARN_UNGUARDED_AVAILABILITY = YES_AGGRESSIVE;
				CLANG_WARN_UNREACHABLE_CODE = YES;
				CLANG_WARN__DUPLICATE_METHOD_MATCH = YES;
				COPY_PHASE_STRIP = NO;
				DEBUG_INFORMATION_FORMAT = "dwarf-with-dsym";
				ENABLE_NS_ASSERTIONS = NO;
				ENABLE_STRICT_OBJC_MSGSEND = YES;
				GCC_C_LANGUAGE_STANDARD = gnu11;
				GCC_NO_COMMON_BLOCKS = YES;
				GCC_WARN_64_TO_32_BIT_CONVERSION = YES;
				GCC_WARN_ABOUT_RETURN_TYPE = YES_ERROR;
				GCC_WARN_UNDECLARED_SELECTOR = YES;
				GCC_WARN_UNINITIALIZED_AUTOS = YES_AGGRESSIVE;
				GCC_WARN_UNUSED_FUNCTION = YES;
				GCC_WARN_UNUSED_VARIABLE = YES;
				IPHONEOS_DEPLOYMENT_TARGET = 14.2;
				MTL_ENABLE_DEBUG_INFO = NO;
				MTL_FAST_MATH = YES;
				SDKROOT = iphoneos;
				SWIFT_COMPILATION_MODE = wholemodule;
				SWIFT_OPTIMIZATION_LEVEL = "-O";
				VALIDATE_PRODUCT = YES;
			};
			name = Release;
		};
		9E0929D12581CFCE005004A0 /* Debug */ = {
			isa = XCBuildConfiguration;
			buildSettings = {
				ASSETCATALOG_COMPILER_APPICON_NAME = AppIcon;
				ASSETCATALOG_COMPILER_GLOBAL_ACCENT_COLOR_NAME = AccentColor;
				CODE_SIGN_STYLE = Automatic;
				DEVELOPMENT_TEAM = 5PG7K5W5TW;
				INFOPLIST_FILE = StockTrack/Info.plist;
				LD_RUNPATH_SEARCH_PATHS = (
					"$(inherited)",
					"@executable_path/Frameworks",
				);
				PRODUCT_BUNDLE_IDENTIFIER = MatinM.StockTrack;
				PRODUCT_NAME = "$(TARGET_NAME)";
				SWIFT_VERSION = 5.0;
				TARGETED_DEVICE_FAMILY = "1,2";
			};
			name = Debug;
		};
		9E0929D22581CFCE005004A0 /* Release */ = {
			isa = XCBuildConfiguration;
			buildSettings = {
				ASSETCATALOG_COMPILER_APPICON_NAME = AppIcon;
				ASSETCATALOG_COMPILER_GLOBAL_ACCENT_COLOR_NAME = AccentColor;
				CODE_SIGN_STYLE = Automatic;
				DEVELOPMENT_TEAM = 5PG7K5W5TW;
				INFOPLIST_FILE = StockTrack/Info.plist;
				LD_RUNPATH_SEARCH_PATHS = (
					"$(inherited)",
					"@executable_path/Frameworks",
				);
				PRODUCT_BUNDLE_IDENTIFIER = MatinM.StockTrack;
				PRODUCT_NAME = "$(TARGET_NAME)";
				SWIFT_VERSION = 5.0;
				TARGETED_DEVICE_FAMILY = "1,2";
			};
			name = Release;
		};
/* End XCBuildConfiguration section */

/* Begin XCConfigurationList section */
		9E0929B42581CFCB005004A0 /* Build configuration list for PBXProject "StockTrack" */ = {
			isa = XCConfigurationList;
			buildConfigurations = (
				9E0929CE2581CFCE005004A0 /* Debug */,
				9E0929CF2581CFCE005004A0 /* Release */,
			);
			defaultConfigurationIsVisible = 0;
			defaultConfigurationName = Release;
		};
		9E0929D02581CFCE005004A0 /* Build configuration list for PBXNativeTarget "StockTrack" */ = {
			isa = XCConfigurationList;
			buildConfigurations = (
				9E0929D12581CFCE005004A0 /* Debug */,
				9E0929D22581CFCE005004A0 /* Release */,
			);
			defaultConfigurationIsVisible = 0;
			defaultConfigurationName = Release;
		};
/* End XCConfigurationList section */

/* Begin XCVersionGroup section */
		9E37AF5B2582D76200FB9AEB /* TickerCoreData.xcdatamodeld */ = {
			isa = XCVersionGroup;
			children = (
				9E37AF5C2582D76200FB9AEB /* TickerCoreData.xcdatamodel */,
			);
			currentVersion = 9E37AF5C2582D76200FB9AEB /* TickerCoreData.xcdatamodel */;
			path = TickerCoreData.xcdatamodeld;
			sourceTree = "<group>";
			versionGroupType = wrapper.xcdatamodel;
		};
/* End XCVersionGroup section */
	};
	rootObject = 9E0929B12581CFCB005004A0 /* Project object */;
}
